{
  "name": "wedding-app",
  "version": "0.1.0",
  "lockfileVersion": 3,
  "requires": true,
  "packages": {
    "": {
      "name": "wedding-app",
      "version": "0.1.0",
      "engines": {
        "//": "Node 20 or 22 LTS. better-sqlite3 prebuilt binaries are LTS-only.",
        "node": ">=20.0.0 <23.0.0"
      }
    }
  }
}
